// !$*UTF8*$!
{
	archiveVersion = 1;
	classes = {
	};
	objectVersion = 56;
	objects = {

/* Begin PBXBuildFile section */
		0D49C0B22992C30D0046CBA4 /* ObraDeArteModel.swift in Sources */ = {isa = PBXBuildFile; fileRef = 0D49C0B12992C30D0046CBA4 /* ObraDeArteModel.swift */; };
		BB380953298D797D0087F515 /* NanoChallenge7App.swift in Sources */ = {isa = PBXBuildFile; fileRef = BB380952298D797D0087F515 /* NanoChallenge7App.swift */; };
		BB380957298D797F0087F515 /* Assets.xcassets in Resources */ = {isa = PBXBuildFile; fileRef = BB380956298D797F0087F515 /* Assets.xcassets */; };
		BB38095A298D797F0087F515 /* Preview Assets.xcassets in Resources */ = {isa = PBXBuildFile; fileRef = BB380959298D797F0087F515 /* Preview Assets.xcassets */; };
		BB380964298D797F0087F515 /* NanoChallenge7Tests.swift in Sources */ = {isa = PBXBuildFile; fileRef = BB380963298D797F0087F515 /* NanoChallenge7Tests.swift */; };
		BB38096E298D797F0087F515 /* NanoChallenge7UITests.swift in Sources */ = {isa = PBXBuildFile; fileRef = BB38096D298D797F0087F515 /* NanoChallenge7UITests.swift */; };
		BB380970298D797F0087F515 /* NanoChallenge7UITestsLaunchTests.swift in Sources */ = {isa = PBXBuildFile; fileRef = BB38096F298D797F0087F515 /* NanoChallenge7UITestsLaunchTests.swift */; };
		BBC310F52992D4BA005F8533 /* ObraDeArteDataLoader.swift in Sources */ = {isa = PBXBuildFile; fileRef = BBC310F42992D4BA005F8533 /* ObraDeArteDataLoader.swift */; };
		BBC311052994448D005F8533 /* PagInicialView.swift in Sources */ = {isa = PBXBuildFile; fileRef = BBC311042994448D005F8533 /* PagInicialView.swift */; };
		BBC3110729944497005F8533 /* PagInicialViewModel.swift in Sources */ = {isa = PBXBuildFile; fileRef = BBC3110629944497005F8533 /* PagInicialViewModel.swift */; };
		BBC31109299444CD005F8533 /* BotaoPadraoComponente.swift in Sources */ = {isa = PBXBuildFile; fileRef = BBC31108299444CD005F8533 /* BotaoPadraoComponente.swift */; };
		BBC3110C299445A2005F8533 /* BotaoDSomComponente.swift in Sources */ = {isa = PBXBuildFile; fileRef = BBC3110B299445A2005F8533 /* BotaoDSomComponente.swift */; };
/* End PBXBuildFile section */

/* Begin PBXContainerItemProxy section */
		BB380960298D797F0087F515 /* PBXContainerItemProxy */ = {
			isa = PBXContainerItemProxy;
			containerPortal = BB380947298D797D0087F515 /* Project object */;
			proxyType = 1;
			remoteGlobalIDString = BB38094E298D797D0087F515;
			remoteInfo = NanoChallenge7;
		};
		BB38096A298D797F0087F515 /* PBXContainerItemProxy */ = {
			isa = PBXContainerItemProxy;
			containerPortal = BB380947298D797D0087F515 /* Project object */;
			proxyType = 1;
			remoteGlobalIDString = BB38094E298D797D0087F515;
			remoteInfo = NanoChallenge7;
		};
/* End PBXContainerItemProxy section */

/* Begin PBXFileReference section */
		0D49C0B12992C30D0046CBA4 /* ObraDeArteModel.swift */ = {isa = PBXFileReference; lastKnownFileType = sourcecode.swift; path = ObraDeArteModel.swift; sourceTree = "<group>"; };
		BB38094F298D797D0087F515 /* NanoChallenge7.app */ = {isa = PBXFileReference; explicitFileType = wrapper.application; includeInIndex = 0; path = NanoChallenge7.app; sourceTree = BUILT_PRODUCTS_DIR; };
		BB380952298D797D0087F515 /* NanoChallenge7App.swift */ = {isa = PBXFileReference; lastKnownFileType = sourcecode.swift; path = NanoChallenge7App.swift; sourceTree = "<group>"; };
		BB380956298D797F0087F515 /* Assets.xcassets */ = {isa = PBXFileReference; lastKnownFileType = folder.assetcatalog; path = Assets.xcassets; sourceTree = "<group>"; };
		BB380959298D797F0087F515 /* Preview Assets.xcassets */ = {isa = PBXFileReference; lastKnownFileType = folder.assetcatalog; path = "Preview Assets.xcassets"; sourceTree = "<group>"; };
		BB38095F298D797F0087F515 /* NanoChallenge7Tests.xctest */ = {isa = PBXFileReference; explicitFileType = wrapper.cfbundle; includeInIndex = 0; path = NanoChallenge7Tests.xctest; sourceTree = BUILT_PRODUCTS_DIR; };
		BB380963298D797F0087F515 /* NanoChallenge7Tests.swift */ = {isa = PBXFileReference; lastKnownFileType = sourcecode.swift; path = NanoChallenge7Tests.swift; sourceTree = "<group>"; };
		BB380969298D797F0087F515 /* NanoChallenge7UITests.xctest */ = {isa = PBXFileReference; explicitFileType = wrapper.cfbundle; includeInIndex = 0; path = NanoChallenge7UITests.xctest; sourceTree = BUILT_PRODUCTS_DIR; };
		BB38096D298D797F0087F515 /* NanoChallenge7UITests.swift */ = {isa = PBXFileReference; lastKnownFileType = sourcecode.swift; path = NanoChallenge7UITests.swift; sourceTree = "<group>"; };
		BB38096F298D797F0087F515 /* NanoChallenge7UITestsLaunchTests.swift */ = {isa = PBXFileReference; lastKnownFileType = sourcecode.swift; path = NanoChallenge7UITestsLaunchTests.swift; sourceTree = "<group>"; };
		BBC310F42992D4BA005F8533 /* ObraDeArteDataLoader.swift */ = {isa = PBXFileReference; lastKnownFileType = sourcecode.swift; path = ObraDeArteDataLoader.swift; sourceTree = "<group>"; };
		BBC311042994448D005F8533 /* PagInicialView.swift */ = {isa = PBXFileReference; lastKnownFileType = sourcecode.swift; path = PagInicialView.swift; sourceTree = "<group>"; };
		BBC3110629944497005F8533 /* PagInicialViewModel.swift */ = {isa = PBXFileReference; lastKnownFileType = sourcecode.swift; path = PagInicialViewModel.swift; sourceTree = "<group>"; };
		BBC31108299444CD005F8533 /* BotaoPadraoComponente.swift */ = {isa = PBXFileReference; lastKnownFileType = sourcecode.swift; path = BotaoPadraoComponente.swift; sourceTree = "<group>"; };
		BBC3110B299445A2005F8533 /* BotaoDSomComponente.swift */ = {isa = PBXFileReference; lastKnownFileType = sourcecode.swift; path = BotaoDSomComponente.swift; sourceTree = "<group>"; };
/* End PBXFileReference section */

/* Begin PBXFrameworksBuildPhase section */
		BB38094C298D797D0087F515 /* Frameworks */ = {
			isa = PBXFrameworksBuildPhase;
			buildActionMask = 2147483647;
			files = (
			);
			runOnlyForDeploymentPostprocessing = 0;
		};
		BB38095C298D797F0087F515 /* Frameworks */ = {
			isa = PBXFrameworksBuildPhase;
			buildActionMask = 2147483647;
			files = (
			);
			runOnlyForDeploymentPostprocessing = 0;
		};
		BB380966298D797F0087F515 /* Frameworks */ = {
			isa = PBXFrameworksBuildPhase;
			buildActionMask = 2147483647;
			files = (
			);
			runOnlyForDeploymentPostprocessing = 0;
		};
/* End PBXFrameworksBuildPhase section */

/* Begin PBXGroup section */
		BB380946298D797D0087F515 = {
			isa = PBXGroup;
			children = (
				BB380951298D797D0087F515 /* NanoChallenge7 */,
				BB380962298D797F0087F515 /* NanoChallenge7Tests */,
				BB38096C298D797F0087F515 /* NanoChallenge7UITests */,
				BB380950298D797D0087F515 /* Products */,
			);
			sourceTree = "<group>";
		};
		BB380950298D797D0087F515 /* Products */ = {
			isa = PBXGroup;
			children = (
				BB38094F298D797D0087F515 /* NanoChallenge7.app */,
				BB38095F298D797F0087F515 /* NanoChallenge7Tests.xctest */,
				BB380969298D797F0087F515 /* NanoChallenge7UITests.xctest */,
			);
			name = Products;
			sourceTree = "<group>";
		};
		BB380951298D797D0087F515 /* NanoChallenge7 */ = {
			isa = PBXGroup;
			children = (
				BB380952298D797D0087F515 /* NanoChallenge7App.swift */,
				BB380956298D797F0087F515 /* Assets.xcassets */,
				BBC310F02992D227005F8533 /* Utils */,
				BBC310F12992D22F005F8533 /* Model */,
				BBC310F22992D272005F8533 /* View */,
				BB380958298D797F0087F515 /* Preview Content */,
			);
			path = NanoChallenge7;
			sourceTree = "<group>";
		};
		BB380958298D797F0087F515 /* Preview Content */ = {
			isa = PBXGroup;
			children = (
				BB380959298D797F0087F515 /* Preview Assets.xcassets */,
			);
			path = "Preview Content";
			sourceTree = "<group>";
		};
		BB380962298D797F0087F515 /* NanoChallenge7Tests */ = {
			isa = PBXGroup;
			children = (
				BB380963298D797F0087F515 /* NanoChallenge7Tests.swift */,
			);
			path = NanoChallenge7Tests;
			sourceTree = "<group>";
		};
		BB38096C298D797F0087F515 /* NanoChallenge7UITests */ = {
			isa = PBXGroup;
			children = (
				BB38096D298D797F0087F515 /* NanoChallenge7UITests.swift */,
				BB38096F298D797F0087F515 /* NanoChallenge7UITestsLaunchTests.swift */,
			);
			path = NanoChallenge7UITests;
			sourceTree = "<group>";
		};
		BBC310F02992D227005F8533 /* Utils */ = {
			isa = PBXGroup;
			children = (
				BBC310F42992D4BA005F8533 /* ObraDeArteDataLoader.swift */,
			);
			path = Utils;
			sourceTree = "<group>";
		};
		BBC310F12992D22F005F8533 /* Model */ = {
			isa = PBXGroup;
			children = (
				0D49C0B12992C30D0046CBA4 /* ObraDeArteModel.swift */,
			);
			path = Model;
			sourceTree = "<group>";
		};
		BBC310F22992D272005F8533 /* View */ = {
			isa = PBXGroup;
			children = (
				BBC3110129944426005F8533 /* ComponentesGerais */,
				BBC3110229944433005F8533 /* PagInicial */,
			);
			path = View;
			sourceTree = "<group>";
		};
		BBC3110129944426005F8533 /* ComponentesGerais */ = {
			isa = PBXGroup;
			children = (
				BBC31108299444CD005F8533 /* BotaoPadraoComponente.swift */,
			);
			path = ComponentesGerais;
			sourceTree = "<group>";
		};
		BBC3110229944433005F8533 /* PagInicial */ = {
			isa = PBXGroup;
			children = (
				BBC3110A2994458A005F8533 /* Componentes */,
				BBC3110329944481005F8533 /* Fluxo */,
			);
			path = PagInicial;
			sourceTree = "<group>";
		};
		BBC3110329944481005F8533 /* Fluxo */ = {
			isa = PBXGroup;
			children = (
				BBC311042994448D005F8533 /* PagInicialView.swift */,
				BBC3110629944497005F8533 /* PagInicialViewModel.swift */,
			);
			path = Fluxo;
			sourceTree = "<group>";
		};
		BBC3110A2994458A005F8533 /* Componentes */ = {
			isa = PBXGroup;
			children = (
				BBC3110B299445A2005F8533 /* BotaoDSomComponente.swift */,
			);
			path = Componentes;
			sourceTree = "<group>";
		};
/* End PBXGroup section */

/* Begin PBXNativeTarget section */
		BB38094E298D797D0087F515 /* NanoChallenge7 */ = {
			isa = PBXNativeTarget;
			buildConfigurationList = BB380973298D797F0087F515 /* Build configuration list for PBXNativeTarget "NanoChallenge7" */;
			buildPhases = (
				BB38094B298D797D0087F515 /* Sources */,
				BB38094C298D797D0087F515 /* Frameworks */,
				BB38094D298D797D0087F515 /* Resources */,
			);
			buildRules = (
			);
			dependencies = (
			);
			name = NanoChallenge7;
			productName = NanoChallenge7;
			productReference = BB38094F298D797D0087F515 /* NanoChallenge7.app */;
			productType = "com.apple.product-type.application";
		};
		BB38095E298D797F0087F515 /* NanoChallenge7Tests */ = {
			isa = PBXNativeTarget;
			buildConfigurationList = BB380976298D797F0087F515 /* Build configuration list for PBXNativeTarget "NanoChallenge7Tests" */;
			buildPhases = (
				BB38095B298D797F0087F515 /* Sources */,
				BB38095C298D797F0087F515 /* Frameworks */,
				BB38095D298D797F0087F515 /* Resources */,
			);
			buildRules = (
			);
			dependencies = (
				BB380961298D797F0087F515 /* PBXTargetDependency */,
			);
			name = NanoChallenge7Tests;
			productName = NanoChallenge7Tests;
			productReference = BB38095F298D797F0087F515 /* NanoChallenge7Tests.xctest */;
			productType = "com.apple.product-type.bundle.unit-test";
		};
		BB380968298D797F0087F515 /* NanoChallenge7UITests */ = {
			isa = PBXNativeTarget;
			buildConfigurationList = BB380979298D797F0087F515 /* Build configuration list for PBXNativeTarget "NanoChallenge7UITests" */;
			buildPhases = (
				BB380965298D797F0087F515 /* Sources */,
				BB380966298D797F0087F515 /* Frameworks */,
				BB380967298D797F0087F515 /* Resources */,
			);
			buildRules = (
			);
			dependencies = (
				BB38096B298D797F0087F515 /* PBXTargetDependency */,
			);
			name = NanoChallenge7UITests;
			productName = NanoChallenge7UITests;
			productReference = BB380969298D797F0087F515 /* NanoChallenge7UITests.xctest */;
			productType = "com.apple.product-type.bundle.ui-testing";
		};
/* End PBXNativeTarget section */

/* Begin PBXProject section */
		BB380947298D797D0087F515 /* Project object */ = {
			isa = PBXProject;
			attributes = {
				BuildIndependentTargetsInParallel = 1;
				LastSwiftUpdateCheck = 1410;
				LastUpgradeCheck = 1410;
				TargetAttributes = {
					BB38094E298D797D0087F515 = {
						CreatedOnToolsVersion = 14.1;
					};
					BB38095E298D797F0087F515 = {
						CreatedOnToolsVersion = 14.1;
						TestTargetID = BB38094E298D797D0087F515;
					};
					BB380968298D797F0087F515 = {
						CreatedOnToolsVersion = 14.1;
						TestTargetID = BB38094E298D797D0087F515;
					};
				};
			};
			buildConfigurationList = BB38094A298D797D0087F515 /* Build configuration list for PBXProject "NanoChallenge7" */;
			compatibilityVersion = "Xcode 14.0";
			developmentRegion = en;
			hasScannedForEncodings = 0;
			knownRegions = (
				en,
				Base,
			);
			mainGroup = BB380946298D797D0087F515;
			productRefGroup = BB380950298D797D0087F515 /* Products */;
			projectDirPath = "";
			projectRoot = "";
			targets = (
				BB38094E298D797D0087F515 /* NanoChallenge7 */,
				BB38095E298D797F0087F515 /* NanoChallenge7Tests */,
				BB380968298D797F0087F515 /* NanoChallenge7UITests */,
			);
		};
/* End PBXProject section */

/* Begin PBXResourcesBuildPhase section */
		BB38094D298D797D0087F515 /* Resources */ = {
			isa = PBXResourcesBuildPhase;
			buildActionMask = 2147483647;
			files = (
				BB38095A298D797F0087F515 /* Preview Assets.xcassets in Resources */,
				BB380957298D797F0087F515 /* Assets.xcassets in Resources */,
			);
			runOnlyForDeploymentPostprocessing = 0;
		};
		BB38095D298D797F0087F515 /* Resources */ = {
			isa = PBXResourcesBuildPhase;
			buildActionMask = 2147483647;
			files = (
			);
			runOnlyForDeploymentPostprocessing = 0;
		};
		BB380967298D797F0087F515 /* Resources */ = {
			isa = PBXResourcesBuildPhase;
			buildActionMask = 2147483647;
			files = (
			);
			runOnlyForDeploymentPostprocessing = 0;
		};
/* End PBXResourcesBuildPhase section */

/* Begin PBXSourcesBuildPhase section */
		BB38094B298D797D0087F515 /* Sources */ = {
			isa = PBXSourcesBuildPhase;
			buildActionMask = 2147483647;
			files = (
				0D49C0B22992C30D0046CBA4 /* ObraDeArteModel.swift in Sources */,
				BB380953298D797D0087F515 /* NanoChallenge7App.swift in Sources */,
				BBC310F52992D4BA005F8533 /* ObraDeArteDataLoader.swift in Sources */,
				BBC3110729944497005F8533 /* PagInicialViewModel.swift in Sources */,
				BBC3110C299445A2005F8533 /* BotaoDSomComponente.swift in Sources */,
				BBC31109299444CD005F8533 /* BotaoPadraoComponente.swift in Sources */,
				BBC311052994448D005F8533 /* PagInicialView.swift in Sources */,
			);
			runOnlyForDeploymentPostprocessing = 0;
		};
		BB38095B298D797F0087F515 /* Sources */ = {
			isa = PBXSourcesBuildPhase;
			buildActionMask = 2147483647;
			files = (
				BB380964298D797F0087F515 /* NanoChallenge7Tests.swift in Sources */,
			);
			runOnlyForDeploymentPostprocessing = 0;
		};
		BB380965298D797F0087F515 /* Sources */ = {
			isa = PBXSourcesBuildPhase;
			buildActionMask = 2147483647;
			files = (
				BB380970298D797F0087F515 /* NanoChallenge7UITestsLaunchTests.swift in Sources */,
				BB38096E298D797F0087F515 /* NanoChallenge7UITests.swift in Sources */,
			);
			runOnlyForDeploymentPostprocessing = 0;
		};
/* End PBXSourcesBuildPhase section */

/* Begin PBXTargetDependency section */
		BB380961298D797F0087F515 /* PBXTargetDependency */ = {
			isa = PBXTargetDependency;
			target = BB38094E298D797D0087F515 /* NanoChallenge7 */;
			targetProxy = BB380960298D797F0087F515 /* PBXContainerItemProxy */;
		};
		BB38096B298D797F0087F515 /* PBXTargetDependency */ = {
			isa = PBXTargetDependency;
			target = BB38094E298D797D0087F515 /* NanoChallenge7 */;
			targetProxy = BB38096A298D797F0087F515 /* PBXContainerItemProxy */;
		};
/* End PBXTargetDependency section */

/* Begin XCBuildConfiguration section */
		BB380971298D797F0087F515 /* Debug */ = {
			isa = XCBuildConfiguration;
			buildSettings = {
				ALWAYS_SEARCH_USER_PATHS = NO;
				CLANG_ANALYZER_NONNULL = YES;
				CLANG_ANALYZER_NUMBER_OBJECT_CONVERSION = YES_AGGRESSIVE;
				CLANG_CXX_LANGUAGE_STANDARD = "gnu++20";
				CLANG_ENABLE_MODULES = YES;
				CLANG_ENABLE_OBJC_ARC = YES;
				CLANG_ENABLE_OBJC_WEAK = YES;
				CLANG_WARN_BLOCK_CAPTURE_AUTORELEASING = YES;
				CLANG_WARN_BOOL_CONVERSION = YES;
				CLANG_WARN_COMMA = YES;
				CLANG_WARN_CONSTANT_CONVERSION = YES;
				CLANG_WARN_DEPRECATED_OBJC_IMPLEMENTATIONS = YES;
				CLANG_WARN_DIRECT_OBJC_ISA_USAGE = YES_ERROR;
				CLANG_WARN_DOCUMENTATION_COMMENTS = YES;
				CLANG_WARN_EMPTY_BODY = YES;
				CLANG_WARN_ENUM_CONVERSION = YES;
				CLANG_WARN_INFINITE_RECURSION = YES;
				CLANG_WARN_INT_CONVERSION = YES;
				CLANG_WARN_NON_LITERAL_NULL_CONVERSION = YES;
				CLANG_WARN_OBJC_IMPLICIT_RETAIN_SELF = YES;
				CLANG_WARN_OBJC_LITERAL_CONVERSION = YES;
				CLANG_WARN_OBJC_ROOT_CLASS = YES_ERROR;
				CLANG_WARN_QUOTED_INCLUDE_IN_FRAMEWORK_HEADER = YES;
				CLANG_WARN_RANGE_LOOP_ANALYSIS = YES;
				CLANG_WARN_STRICT_PROTOTYPES = YES;
				CLANG_WARN_SUSPICIOUS_MOVE = YES;
				CLANG_WARN_UNGUARDED_AVAILABILITY = YES_AGGRESSIVE;
				CLANG_WARN_UNREACHABLE_CODE = YES;
				CLANG_WARN__DUPLICATE_METHOD_MATCH = YES;
				COPY_PHASE_STRIP = NO;
				DEBUG_INFORMATION_FORMAT = dwarf;
				ENABLE_STRICT_OBJC_MSGSEND = YES;
				ENABLE_TESTABILITY = YES;
				GCC_C_LANGUAGE_STANDARD = gnu11;
				GCC_DYNAMIC_NO_PIC = NO;
				GCC_NO_COMMON_BLOCKS = YES;
				GCC_OPTIMIZATION_LEVEL = 0;
				GCC_PREPROCESSOR_DEFINITIONS = (
					"DEBUG=1",
					"$(inherited)",
				);
				GCC_WARN_64_TO_32_BIT_CONVERSION = YES;
				GCC_WARN_ABOUT_RETURN_TYPE = YES_ERROR;
				GCC_WARN_UNDECLARED_SELECTOR = YES;
				GCC_WARN_UNINITIALIZED_AUTOS = YES_AGGRESSIVE;
				GCC_WARN_UNUSED_FUNCTION = YES;
				GCC_WARN_UNUSED_VARIABLE = YES;
				IPHONEOS_DEPLOYMENT_TARGET = 16.1;
				MTL_ENABLE_DEBUG_INFO = INCLUDE_SOURCE;
				MTL_FAST_MATH = YES;
				ONLY_ACTIVE_ARCH = YES;
				SDKROOT = iphoneos;
				SWIFT_ACTIVE_COMPILATION_CONDITIONS = DEBUG;
				SWIFT_OPTIMIZATION_LEVEL = "-Onone";
			};
			name = Debug;
		};
		BB380972298D797F0087F515 /* Release */ = {
			isa = XCBuildConfiguration;
			buildSettings = {
				ALWAYS_SEARCH_USER_PATHS = NO;
				CLANG_ANALYZER_NONNULL = YES;
				CLANG_ANALYZER_NUMBER_OBJECT_CONVERSION = YES_AGGRESSIVE;
				CLANG_CXX_LANGUAGE_STANDARD = "gnu++20";
				CLANG_ENABLE_MODULES = YES;
				CLANG_ENABLE_OBJC_ARC = YES;
				CLANG_ENABLE_OBJC_WEAK = YES;
				CLANG_WARN_BLOCK_CAPTURE_AUTORELEASING = YES;
				CLANG_WARN_BOOL_CONVERSION = YES;
				CLANG_WARN_COMMA = YES;
				CLANG_WARN_CONSTANT_CONVERSION = YES;
				CLANG_WARN_DEPRECATED_OBJC_IMPLEMENTATIONS = YES;
				CLANG_WARN_DIRECT_OBJC_ISA_USAGE = YES_ERROR;
				CLANG_WARN_DOCUMENTATION_COMMENTS = YES;
				CLANG_WARN_EMPTY_BODY = YES;
				CLANG_WARN_ENUM_CONVERSION = YES;
				CLANG_WARN_INFINITE_RECURSION = YES;
				CLANG_WARN_INT_CONVERSION = YES;
				CLANG_WARN_NON_LITERAL_NULL_CONVERSION = YES;
				CLANG_WARN_OBJC_IMPLICIT_RETAIN_SELF = YES;
				CLANG_WARN_OBJC_LITERAL_CONVERSION = YES;
				CLANG_WARN_OBJC_ROOT_CLASS = YES_ERROR;
				CLANG_WARN_QUOTED_INCLUDE_IN_FRAMEWORK_HEADER = YES;
				CLANG_WARN_RANGE_LOOP_ANALYSIS = YES;
				CLANG_WARN_STRICT_PROTOTYPES = YES;
				CLANG_WARN_SUSPICIOUS_MOVE = YES;
				CLANG_WARN_UNGUARDED_AVAILABILITY = YES_AGGRESSIVE;
				CLANG_WARN_UNREACHABLE_CODE = YES;
				CLANG_WARN__DUPLICATE_METHOD_MATCH = YES;
				COPY_PHASE_STRIP = NO;
				DEBUG_INFORMATION_FORMAT = "dwarf-with-dsym";
				ENABLE_NS_ASSERTIONS = NO;
				ENABLE_STRICT_OBJC_MSGSEND = YES;
				GCC_C_LANGUAGE_STANDARD = gnu11;
				GCC_NO_COMMON_BLOCKS = YES;
				GCC_WARN_64_TO_32_BIT_CONVERSION = YES;
				GCC_WARN_ABOUT_RETURN_TYPE = YES_ERROR;
				GCC_WARN_UNDECLARED_SELECTOR = YES;
				GCC_WARN_UNINITIALIZED_AUTOS = YES_AGGRESSIVE;
				GCC_WARN_UNUSED_FUNCTION = YES;
				GCC_WARN_UNUSED_VARIABLE = YES;
				IPHONEOS_DEPLOYMENT_TARGET = 16.1;
				MTL_ENABLE_DEBUG_INFO = NO;
				MTL_FAST_MATH = YES;
				SDKROOT = iphoneos;
				SWIFT_COMPILATION_MODE = wholemodule;
				SWIFT_OPTIMIZATION_LEVEL = "-O";
				VALIDATE_PRODUCT = YES;
			};
			name = Release;
		};
		BB380974298D797F0087F515 /* Debug */ = {
			isa = XCBuildConfiguration;
			buildSettings = {
				ASSETCATALOG_COMPILER_APPICON_NAME = AppIcon;
				ASSETCATALOG_COMPILER_GLOBAL_ACCENT_COLOR_NAME = AccentColor;
				CODE_SIGN_STYLE = Automatic;
				CURRENT_PROJECT_VERSION = 1;
				DEVELOPMENT_ASSET_PATHS = "\"NanoChallenge7/Preview Content\"";
				DEVELOPMENT_TEAM = UFS93RKF34;
				ENABLE_PREVIEWS = YES;
				GENERATE_INFOPLIST_FILE = YES;
				INFOPLIST_KEY_UIApplicationSceneManifest_Generation = YES;
				INFOPLIST_KEY_UIApplicationSupportsIndirectInputEvents = YES;
				INFOPLIST_KEY_UILaunchScreen_Generation = YES;
				INFOPLIST_KEY_UISupportedInterfaceOrientations_iPad = "UIInterfaceOrientationPortrait UIInterfaceOrientationPortraitUpsideDown UIInterfaceOrientationLandscapeLeft UIInterfaceOrientationLandscapeRight";
				INFOPLIST_KEY_UISupportedInterfaceOrientations_iPhone = "UIInterfaceOrientationPortrait UIInterfaceOrientationLandscapeLeft UIInterfaceOrientationLandscapeRight";
				LD_RUNPATH_SEARCH_PATHS = (
					"$(inherited)",
					"@executable_path/Frameworks",
				);
				MARKETING_VERSION = 1.0;
				PRODUCT_BUNDLE_IDENTIFIER = com.phsouza.NanoChallenge7;
				PRODUCT_NAME = "$(TARGET_NAME)";
				SWIFT_EMIT_LOC_STRINGS = YES;
				SWIFT_VERSION = 5.0;
				TARGETED_DEVICE_FAMILY = "1,2";
			};
			name = Debug;
		};
		BB380975298D797F0087F515 /* Release */ = {
			isa = XCBuildConfiguration;
			buildSettings = {
				ASSETCATALOG_COMPILER_APPICON_NAME = AppIcon;
				ASSETCATALOG_COMPILER_GLOBAL_ACCENT_COLOR_NAME = AccentColor;
				CODE_SIGN_STYLE = Automatic;
				CURRENT_PROJECT_VERSION = 1;
				DEVELOPMENT_ASSET_PATHS = "\"NanoChallenge7/Preview Content\"";
				DEVELOPMENT_TEAM = UFS93RKF34;
				ENABLE_PREVIEWS = YES;
				GENERATE_INFOPLIST_FILE = YES;
				INFOPLIST_KEY_UIApplicationSceneManifest_Generation = YES;
				INFOPLIST_KEY_UIApplicationSupportsIndirectInputEvents = YES;
				INFOPLIST_KEY_UILaunchScreen_Generation = YES;
				INFOPLIST_KEY_UISupportedInterfaceOrientations_iPad = "UIInterfaceOrientationPortrait UIInterfaceOrientationPortraitUpsideDown UIInterfaceOrientationLandscapeLeft UIInterfaceOrientationLandscapeRight";
				INFOPLIST_KEY_UISupportedInterfaceOrientations_iPhone = "UIInterfaceOrientationPortrait UIInterfaceOrientationLandscapeLeft UIInterfaceOrientationLandscapeRight";
				LD_RUNPATH_SEARCH_PATHS = (
					"$(inherited)",
					"@executable_path/Frameworks",
				);
				MARKETING_VERSION = 1.0;
				PRODUCT_BUNDLE_IDENTIFIER = com.phsouza.NanoChallenge7;
				PRODUCT_NAME = "$(TARGET_NAME)";
				SWIFT_EMIT_LOC_STRINGS = YES;
				SWIFT_VERSION = 5.0;
				TARGETED_DEVICE_FAMILY = "1,2";
			};
			name = Release;
		};
		BB380977298D797F0087F515 /* Debug */ = {
			isa = XCBuildConfiguration;
			buildSettings = {
				ALWAYS_EMBED_SWIFT_STANDARD_LIBRARIES = YES;
				BUNDLE_LOADER = "$(TEST_HOST)";
				CODE_SIGN_STYLE = Automatic;
				CURRENT_PROJECT_VERSION = 1;
				DEVELOPMENT_TEAM = UFS93RKF34;
				GENERATE_INFOPLIST_FILE = YES;
				IPHONEOS_DEPLOYMENT_TARGET = 16.1;
				MARKETING_VERSION = 1.0;
				PRODUCT_BUNDLE_IDENTIFIER = com.phsouza.NanoChallenge7Tests;
				PRODUCT_NAME = "$(TARGET_NAME)";
				SWIFT_EMIT_LOC_STRINGS = NO;
				SWIFT_VERSION = 5.0;
				TARGETED_DEVICE_FAMILY = "1,2";
				TEST_HOST = "$(BUILT_PRODUCTS_DIR)/NanoChallenge7.app/$(BUNDLE_EXECUTABLE_FOLDER_PATH)/NanoChallenge7";
			};
			name = Debug;
		};
		BB380978298D797F0087F515 /* Release */ = {
			isa = XCBuildConfiguration;
			buildSettings = {
				ALWAYS_EMBED_SWIFT_STANDARD_LIBRARIES = YES;
				BUNDLE_LOADER = "$(TEST_HOST)";
				CODE_SIGN_STYLE = Automatic;
				CURRENT_PROJECT_VERSION = 1;
				DEVELOPMENT_TEAM = UFS93RKF34;
				GENERATE_INFOPLIST_FILE = YES;
				IPHONEOS_DEPLOYMENT_TARGET = 16.1;
				MARKETING_VERSION = 1.0;
				PRODUCT_BUNDLE_IDENTIFIER = com.phsouza.NanoChallenge7Tests;
				PRODUCT_NAME = "$(TARGET_NAME)";
				SWIFT_EMIT_LOC_STRINGS = NO;
				SWIFT_VERSION = 5.0;
				TARGETED_DEVICE_FAMILY = "1,2";
				TEST_HOST = "$(BUILT_PRODUCTS_DIR)/NanoChallenge7.app/$(BUNDLE_EXECUTABLE_FOLDER_PATH)/NanoChallenge7";
			};
			name = Release;
		};
		BB38097A298D797F0087F515 /* Debug */ = {
			isa = XCBuildConfiguration;
			buildSettings = {
				ALWAYS_EMBED_SWIFT_STANDARD_LIBRARIES = YES;
				CODE_SIGN_STYLE = Automatic;
				CURRENT_PROJECT_VERSION = 1;
				DEVELOPMENT_TEAM = UFS93RKF34;
				GENERATE_INFOPLIST_FILE = YES;
				MARKETING_VERSION = 1.0;
				PRODUCT_BUNDLE_IDENTIFIER = com.phsouza.NanoChallenge7UITests;
				PRODUCT_NAME = "$(TARGET_NAME)";
				SWIFT_EMIT_LOC_STRINGS = NO;
				SWIFT_VERSION = 5.0;
				TARGETED_DEVICE_FAMILY = "1,2";
				TEST_TARGET_NAME = NanoChallenge7;
			};
			name = Debug;
		};
		BB38097B298D797F0087F515 /* Release */ = {
			isa = XCBuildConfiguration;
			buildSettings = {
				ALWAYS_EMBED_SWIFT_STANDARD_LIBRARIES = YES;
				CODE_SIGN_STYLE = Automatic;
				CURRENT_PROJECT_VERSION = 1;
				DEVELOPMENT_TEAM = UFS93RKF34;
				GENERATE_INFOPLIST_FILE = YES;
				MARKETING_VERSION = 1.0;
				PRODUCT_BUNDLE_IDENTIFIER = com.phsouza.NanoChallenge7UITests;
				PRODUCT_NAME = "$(TARGET_NAME)";
				SWIFT_EMIT_LOC_STRINGS = NO;
				SWIFT_VERSION = 5.0;
				TARGETED_DEVICE_FAMILY = "1,2";
				TEST_TARGET_NAME = NanoChallenge7;
			};
			name = Release;
		};
/* End XCBuildConfiguration section */

/* Begin XCConfigurationList section */
		BB38094A298D797D0087F515 /* Build configuration list for PBXProject "NanoChallenge7" */ = {
			isa = XCConfigurationList;
			buildConfigurations = (
				BB380971298D797F0087F515 /* Debug */,
				BB380972298D797F0087F515 /* Release */,
			);
			defaultConfigurationIsVisible = 0;
			defaultConfigurationName = Release;
		};
		BB380973298D797F0087F515 /* Build configuration list for PBXNativeTarget "NanoChallenge7" */ = {
			isa = XCConfigurationList;
			buildConfigurations = (
				BB380974298D797F0087F515 /* Debug */,
				BB380975298D797F0087F515 /* Release */,
			);
			defaultConfigurationIsVisible = 0;
			defaultConfigurationName = Release;
		};
		BB380976298D797F0087F515 /* Build configuration list for PBXNativeTarget "NanoChallenge7Tests" */ = {
			isa = XCConfigurationList;
			buildConfigurations = (
				BB380977298D797F0087F515 /* Debug */,
				BB380978298D797F0087F515 /* Release */,
			);
			defaultConfigurationIsVisible = 0;
			defaultConfigurationName = Release;
		};
		BB380979298D797F0087F515 /* Build configuration list for PBXNativeTarget "NanoChallenge7UITests" */ = {
			isa = XCConfigurationList;
			buildConfigurations = (
				BB38097A298D797F0087F515 /* Debug */,
				BB38097B298D797F0087F515 /* Release */,
			);
			defaultConfigurationIsVisible = 0;
			defaultConfigurationName = Release;
		};
/* End XCConfigurationList section */
	};
	rootObject = BB380947298D797D0087F515 /* Project object */;
}
